// !$*UTF8*$!
{
	archiveVersion = 1;
	classes = {
	};
	objectVersion = 46;
	objects = {

/* Begin PBXBuildFile section */
		E90EADA919473C8600D51239 /* FMCAppLinkV1ProtocolHeader.m in Sources */ = {isa = PBXBuildFile; fileRef = E90EADA819473C8600D51239 /* FMCAppLinkV1ProtocolHeader.m */; };
		E91096B1194572A8001EACF5 /* libProtocolReWrite.a in Frameworks */ = {isa = PBXBuildFile; fileRef = E9E9A0C21935FE6C002D9758 /* libProtocolReWrite.a */; };
		E92002111940A84200FCA808 /* FMCAppLinkProtocol.m in Sources */ = {isa = PBXBuildFile; fileRef = E92002101940A84200FCA808 /* FMCAppLinkProtocol.m */; };
		E92002191940BD8B00FCA808 /* FMCAppLinkProtocolHeader.m in Sources */ = {isa = PBXBuildFile; fileRef = E92002181940BD8B00FCA808 /* FMCAppLinkProtocolHeader.m */; };
		E920021C1940C51F00FCA808 /* FMCAppLinkV2ProtocolHeader.m in Sources */ = {isa = PBXBuildFile; fileRef = E920021B1940C51F00FCA808 /* FMCAppLinkV2ProtocolHeader.m */; };
		E92002251940EDB600FCA808 /* FMCAppLinkProtocolMessage.m in Sources */ = {isa = PBXBuildFile; fileRef = E92002241940EDB600FCA808 /* FMCAppLinkProtocolMessage.m */; };
		E93759D81947F75E00898BDC /* FMCAppLinkProtocolMessageDisassembler.m in Sources */ = {isa = PBXBuildFile; fileRef = E93759D71947F75E00898BDC /* FMCAppLinkProtocolMessageDisassembler.m */; };
		E95E53661949CF3000874007 /* FMCApplinkProtocolRecievedMessageRouter.m in Sources */ = {isa = PBXBuildFile; fileRef = E95E53651949CF3000874007 /* FMCApplinkProtocolRecievedMessageRouter.m */; };
		E95E53691949D82400874007 /* FMCAppLinkProtocolMessageAssembler.m in Sources */ = {isa = PBXBuildFile; fileRef = E95E53681949D82400874007 /* FMCAppLinkProtocolMessageAssembler.m */; };
		E9E9A0C61935FE6C002D9758 /* Foundation.framework in Frameworks */ = {isa = PBXBuildFile; fileRef = E9E9A0C51935FE6C002D9758 /* Foundation.framework */; };
		E9E9A0FB1935FE98002D9758 /* FMCAbstractProtocol.m in Sources */ = {isa = PBXBuildFile; fileRef = E9E9A0EC1935FE98002D9758 /* FMCAbstractProtocol.m */; };
		E9E9A0FD1935FE98002D9758 /* FMCRPCPayloadMessage.m in Sources */ = {isa = PBXBuildFile; fileRef = E9E9A0F01935FE98002D9758 /* FMCRPCPayloadMessage.m */; };
		E9E9A1101937A064002D9758 /* XCTest.framework in Frameworks */ = {isa = PBXBuildFile; fileRef = E9E9A0D31935FE6C002D9758 /* XCTest.framework */; };
		E9E9A1111937A064002D9758 /* Foundation.framework in Frameworks */ = {isa = PBXBuildFile; fileRef = E9E9A0C51935FE6C002D9758 /* Foundation.framework */; };
		E9E9A1181937A064002D9758 /* InfoPlist.strings in Resources */ = {isa = PBXBuildFile; fileRef = E9E9A1161937A064002D9758 /* InfoPlist.strings */; };
		E9E9A11A1937A064002D9758 /* ProtocolReWrite_Tests.m in Sources */ = {isa = PBXBuildFile; fileRef = E9E9A1191937A064002D9758 /* ProtocolReWrite_Tests.m */; };
/* End PBXBuildFile section */

/* Begin PBXContainerItemProxy section */
		E9E9A11C1937A064002D9758 /* PBXContainerItemProxy */ = {
			isa = PBXContainerItemProxy;
			containerPortal = E9E9A0BA1935FE6C002D9758 /* Project object */;
			proxyType = 1;
			remoteGlobalIDString = E9E9A0C11935FE6C002D9758;
			remoteInfo = ProtocolReWrite;
		};
/* End PBXContainerItemProxy section */

/* Begin PBXCopyFilesBuildPhase section */
		E9E9A0C01935FE6C002D9758 /* CopyFiles */ = {
			isa = PBXCopyFilesBuildPhase;
			buildActionMask = 2147483647;
			dstPath = "include/$(PRODUCT_NAME)";
			dstSubfolderSpec = 16;
			files = (
			);
			runOnlyForDeploymentPostprocessing = 0;
		};
/* End PBXCopyFilesBuildPhase section */

/* Begin PBXFileReference section */
		E90EADA719473C8600D51239 /* FMCAppLinkV1ProtocolHeader.h */ = {isa = PBXFileReference; fileEncoding = 4; lastKnownFileType = sourcecode.c.h; path = FMCAppLinkV1ProtocolHeader.h; sourceTree = "<group>"; };
		E90EADA819473C8600D51239 /* FMCAppLinkV1ProtocolHeader.m */ = {isa = PBXFileReference; fileEncoding = 4; lastKnownFileType = sourcecode.c.objc; path = FMCAppLinkV1ProtocolHeader.m; sourceTree = "<group>"; };
		E920020F1940A84200FCA808 /* FMCAppLinkProtocol.h */ = {isa = PBXFileReference; fileEncoding = 4; lastKnownFileType = sourcecode.c.h; path = FMCAppLinkProtocol.h; sourceTree = "<group>"; };
		E92002101940A84200FCA808 /* FMCAppLinkProtocol.m */ = {isa = PBXFileReference; fileEncoding = 4; lastKnownFileType = sourcecode.c.objc; path = FMCAppLinkProtocol.m; sourceTree = "<group>"; };
		E92002151940B75A00FCA808 /* FMCAppLinkProtocolHeader.h */ = {isa = PBXFileReference; fileEncoding = 4; lastKnownFileType = sourcecode.c.h; path = FMCAppLinkProtocolHeader.h; sourceTree = "<group>"; };
		E92002181940BD8B00FCA808 /* FMCAppLinkProtocolHeader.m */ = {isa = PBXFileReference; fileEncoding = 4; lastKnownFileType = sourcecode.c.objc; path = FMCAppLinkProtocolHeader.m; sourceTree = "<group>"; };
		E920021A1940C51F00FCA808 /* FMCAppLinkV2ProtocolHeader.h */ = {isa = PBXFileReference; fileEncoding = 4; lastKnownFileType = sourcecode.c.h; path = FMCAppLinkV2ProtocolHeader.h; sourceTree = "<group>"; };
		E920021B1940C51F00FCA808 /* FMCAppLinkV2ProtocolHeader.m */ = {isa = PBXFileReference; fileEncoding = 4; lastKnownFileType = sourcecode.c.objc; path = FMCAppLinkV2ProtocolHeader.m; sourceTree = "<group>"; };
		E92002231940EDB600FCA808 /* FMCAppLinkProtocolMessage.h */ = {isa = PBXFileReference; fileEncoding = 4; lastKnownFileType = sourcecode.c.h; path = FMCAppLinkProtocolMessage.h; sourceTree = "<group>"; };
		E92002241940EDB600FCA808 /* FMCAppLinkProtocolMessage.m */ = {isa = PBXFileReference; fileEncoding = 4; lastKnownFileType = sourcecode.c.objc; path = FMCAppLinkProtocolMessage.m; sourceTree = "<group>"; };
		E93759D61947F75E00898BDC /* FMCAppLinkProtocolMessageDisassembler.h */ = {isa = PBXFileReference; fileEncoding = 4; lastKnownFileType = sourcecode.c.h; path = FMCAppLinkProtocolMessageDisassembler.h; sourceTree = "<group>"; };
		E93759D71947F75E00898BDC /* FMCAppLinkProtocolMessageDisassembler.m */ = {isa = PBXFileReference; fileEncoding = 4; lastKnownFileType = sourcecode.c.objc; path = FMCAppLinkProtocolMessageDisassembler.m; sourceTree = "<group>"; };
		E95E53641949CF3000874007 /* FMCApplinkProtocolRecievedMessageRouter.h */ = {isa = PBXFileReference; fileEncoding = 4; lastKnownFileType = sourcecode.c.h; path = FMCApplinkProtocolRecievedMessageRouter.h; sourceTree = "<group>"; };
		E95E53651949CF3000874007 /* FMCApplinkProtocolRecievedMessageRouter.m */ = {isa = PBXFileReference; fileEncoding = 4; lastKnownFileType = sourcecode.c.objc; path = FMCApplinkProtocolRecievedMessageRouter.m; sourceTree = "<group>"; };
		E95E53671949D82400874007 /* FMCAppLinkProtocolMessageAssembler.h */ = {isa = PBXFileReference; fileEncoding = 4; lastKnownFileType = sourcecode.c.h; path = FMCAppLinkProtocolMessageAssembler.h; sourceTree = "<group>"; };
		E95E53681949D82400874007 /* FMCAppLinkProtocolMessageAssembler.m */ = {isa = PBXFileReference; fileEncoding = 4; lastKnownFileType = sourcecode.c.objc; path = FMCAppLinkProtocolMessageAssembler.m; sourceTree = "<group>"; };
		E9E9A0C21935FE6C002D9758 /* libProtocolReWrite.a */ = {isa = PBXFileReference; explicitFileType = archive.ar; includeInIndex = 0; path = libProtocolReWrite.a; sourceTree = BUILT_PRODUCTS_DIR; };
		E9E9A0C51935FE6C002D9758 /* Foundation.framework */ = {isa = PBXFileReference; lastKnownFileType = wrapper.framework; name = Foundation.framework; path = System/Library/Frameworks/Foundation.framework; sourceTree = SDKROOT; };
		E9E9A0C91935FE6C002D9758 /* ProtocolReWrite-Prefix.pch */ = {isa = PBXFileReference; lastKnownFileType = sourcecode.c.h; path = "ProtocolReWrite-Prefix.pch"; sourceTree = "<group>"; };
		E9E9A0D31935FE6C002D9758 /* XCTest.framework */ = {isa = PBXFileReference; lastKnownFileType = wrapper.framework; name = XCTest.framework; path = Library/Frameworks/XCTest.framework; sourceTree = DEVELOPER_DIR; };
		E9E9A0D61935FE6C002D9758 /* UIKit.framework */ = {isa = PBXFileReference; lastKnownFileType = wrapper.framework; name = UIKit.framework; path = Library/Frameworks/UIKit.framework; sourceTree = DEVELOPER_DIR; };
		E9E9A0EB1935FE98002D9758 /* FMCAbstractProtocol.h */ = {isa = PBXFileReference; fileEncoding = 4; lastKnownFileType = sourcecode.c.h; path = FMCAbstractProtocol.h; sourceTree = "<group>"; };
		E9E9A0EC1935FE98002D9758 /* FMCAbstractProtocol.m */ = {isa = PBXFileReference; fileEncoding = 4; lastKnownFileType = sourcecode.c.objc; path = FMCAbstractProtocol.m; sourceTree = "<group>"; };
		E9E9A0EF1935FE98002D9758 /* FMCRPCPayloadMessage.h */ = {isa = PBXFileReference; fileEncoding = 4; lastKnownFileType = sourcecode.c.h; path = FMCRPCPayloadMessage.h; sourceTree = "<group>"; };
		E9E9A0F01935FE98002D9758 /* FMCRPCPayloadMessage.m */ = {isa = PBXFileReference; fileEncoding = 4; lastKnownFileType = sourcecode.c.objc; path = FMCRPCPayloadMessage.m; sourceTree = "<group>"; };
		E9E9A0F31935FE98002D9758 /* FMCProtocol.h */ = {isa = PBXFileReference; fileEncoding = 4; lastKnownFileType = sourcecode.c.h; path = FMCProtocol.h; sourceTree = "<group>"; };
		E9E9A0F81935FE98002D9758 /* FMCProtocolListener.h */ = {isa = PBXFileReference; fileEncoding = 4; lastKnownFileType = sourcecode.c.h; path = FMCProtocolListener.h; sourceTree = "<group>"; };
		E9E9A10219360943002D9758 /* FMCSyncTransport.h */ = {isa = PBXFileReference; lastKnownFileType = sourcecode.c.h; path = FMCSyncTransport.h; sourceTree = "<group>"; };
		E9E9A10319360951002D9758 /* FMCTransportListener.h */ = {isa = PBXFileReference; lastKnownFileType = sourcecode.c.h; path = FMCTransportListener.h; sourceTree = "<group>"; };
		E9E9A10F1937A064002D9758 /* ProtocolReWrite Tests.xctest */ = {isa = PBXFileReference; explicitFileType = wrapper.cfbundle; includeInIndex = 0; path = "ProtocolReWrite Tests.xctest"; sourceTree = BUILT_PRODUCTS_DIR; };
		E9E9A1151937A064002D9758 /* ProtocolReWrite Tests-Info.plist */ = {isa = PBXFileReference; lastKnownFileType = text.plist.xml; path = "ProtocolReWrite Tests-Info.plist"; sourceTree = "<group>"; };
		E9E9A1171937A064002D9758 /* en */ = {isa = PBXFileReference; lastKnownFileType = text.plist.strings; name = en; path = en.lproj/InfoPlist.strings; sourceTree = "<group>"; };
		E9E9A1191937A064002D9758 /* ProtocolReWrite_Tests.m */ = {isa = PBXFileReference; lastKnownFileType = sourcecode.c.objc; path = ProtocolReWrite_Tests.m; sourceTree = "<group>"; };
		E9E9A11B1937A064002D9758 /* ProtocolReWrite Tests-Prefix.pch */ = {isa = PBXFileReference; lastKnownFileType = sourcecode.c.h; path = "ProtocolReWrite Tests-Prefix.pch"; sourceTree = "<group>"; };
/* End PBXFileReference section */

/* Begin PBXFrameworksBuildPhase section */
		E9E9A0BF1935FE6C002D9758 /* Frameworks */ = {
			isa = PBXFrameworksBuildPhase;
			buildActionMask = 2147483647;
			files = (
				E9E9A0C61935FE6C002D9758 /* Foundation.framework in Frameworks */,
			);
			runOnlyForDeploymentPostprocessing = 0;
		};
		E9E9A10C1937A064002D9758 /* Frameworks */ = {
			isa = PBXFrameworksBuildPhase;
			buildActionMask = 2147483647;
			files = (
				E91096B1194572A8001EACF5 /* libProtocolReWrite.a in Frameworks */,
				E9E9A1101937A064002D9758 /* XCTest.framework in Frameworks */,
				E9E9A1111937A064002D9758 /* Foundation.framework in Frameworks */,
			);
			runOnlyForDeploymentPostprocessing = 0;
		};
/* End PBXFrameworksBuildPhase section */

/* Begin PBXGroup section */
		E98BB8B71945115B00F43217 /* AppLinkProtocol */ = {
			isa = PBXGroup;
			children = (
				E9E9A0EB1935FE98002D9758 /* FMCAbstractProtocol.h */,
				E9E9A0EC1935FE98002D9758 /* FMCAbstractProtocol.m */,
				E920020F1940A84200FCA808 /* FMCAppLinkProtocol.h */,
				E92002101940A84200FCA808 /* FMCAppLinkProtocol.m */,
				E95E53671949D82400874007 /* FMCAppLinkProtocolMessageAssembler.h */,
				E95E53681949D82400874007 /* FMCAppLinkProtocolMessageAssembler.m */,
				E93759D61947F75E00898BDC /* FMCAppLinkProtocolMessageDisassembler.h */,
				E93759D71947F75E00898BDC /* FMCAppLinkProtocolMessageDisassembler.m */,
				E95E53641949CF3000874007 /* FMCApplinkProtocolRecievedMessageRouter.h */,
				E95E53651949CF3000874007 /* FMCApplinkProtocolRecievedMessageRouter.m */,
			);
			name = AppLinkProtocol;
			sourceTree = "<group>";
		};
		E98BB8B81945117400F43217 /* Messages */ = {
			isa = PBXGroup;
			children = (
				E92002231940EDB600FCA808 /* FMCAppLinkProtocolMessage.h */,
				E92002241940EDB600FCA808 /* FMCAppLinkProtocolMessage.m */,
				E9E9A0EF1935FE98002D9758 /* FMCRPCPayloadMessage.h */,
				E9E9A0F01935FE98002D9758 /* FMCRPCPayloadMessage.m */,
			);
			name = Messages;
			sourceTree = "<group>";
		};
		E98BB8B9194511C800F43217 /* Interfaces */ = {
			isa = PBXGroup;
			children = (
				E9E9A0F31935FE98002D9758 /* FMCProtocol.h */,
				E9E9A0F81935FE98002D9758 /* FMCProtocolListener.h */,
			);
			name = Interfaces;
			sourceTree = "<group>";
		};
		E9D1FD1E19450ECF00B1A2A0 /* AppLinkProtocol Headers */ = {
			isa = PBXGroup;
			children = (
				E92002151940B75A00FCA808 /* FMCAppLinkProtocolHeader.h */,
				E92002181940BD8B00FCA808 /* FMCAppLinkProtocolHeader.m */,
				E90EADA719473C8600D51239 /* FMCAppLinkV1ProtocolHeader.h */,
				E90EADA819473C8600D51239 /* FMCAppLinkV1ProtocolHeader.m */,
				E920021A1940C51F00FCA808 /* FMCAppLinkV2ProtocolHeader.h */,
				E920021B1940C51F00FCA808 /* FMCAppLinkV2ProtocolHeader.m */,
			);
			name = "AppLinkProtocol Headers";
			sourceTree = "<group>";
		};
		E9E9A0B91935FE6C002D9758 = {
			isa = PBXGroup;
			children = (
				E9E9A0C71935FE6C002D9758 /* ProtocolReWrite */,
				E9E9A1131937A064002D9758 /* ProtocolReWrite Tests */,
				E9E9A0C41935FE6C002D9758 /* Frameworks */,
				E9E9A0C31935FE6C002D9758 /* Products */,
			);
			sourceTree = "<group>";
		};
		E9E9A0C31935FE6C002D9758 /* Products */ = {
			isa = PBXGroup;
			children = (
				E9E9A0C21935FE6C002D9758 /* libProtocolReWrite.a */,
				E9E9A10F1937A064002D9758 /* ProtocolReWrite Tests.xctest */,
			);
			name = Products;
			sourceTree = "<group>";
		};
		E9E9A0C41935FE6C002D9758 /* Frameworks */ = {
			isa = PBXGroup;
			children = (
				E9E9A0C51935FE6C002D9758 /* Foundation.framework */,
				E9E9A0D31935FE6C002D9758 /* XCTest.framework */,
				E9E9A0D61935FE6C002D9758 /* UIKit.framework */,
			);
			name = Frameworks;
			sourceTree = "<group>";
		};
		E9E9A0C71935FE6C002D9758 /* ProtocolReWrite */ = {
			isa = PBXGroup;
			children = (
				E9E9A10419360967002D9758 /* TransportProtocols */,
				E9D1FD1E19450ECF00B1A2A0 /* AppLinkProtocol Headers */,
				E98BB8B71945115B00F43217 /* AppLinkProtocol */,
				E98BB8B81945117400F43217 /* Messages */,
				E98BB8B9194511C800F43217 /* Interfaces */,
				E9E9A0C81935FE6C002D9758 /* Supporting Files */,
			);
			path = ProtocolReWrite;
			sourceTree = "<group>";
		};
		E9E9A0C81935FE6C002D9758 /* Supporting Files */ = {
			isa = PBXGroup;
			children = (
				E9E9A0C91935FE6C002D9758 /* ProtocolReWrite-Prefix.pch */,
			);
			name = "Supporting Files";
			sourceTree = "<group>";
		};
		E9E9A10419360967002D9758 /* TransportProtocols */ = {
			isa = PBXGroup;
			children = (
				E9E9A10319360951002D9758 /* FMCTransportListener.h */,
				E9E9A10219360943002D9758 /* FMCSyncTransport.h */,
			);
			name = TransportProtocols;
			sourceTree = "<group>";
		};
		E9E9A1131937A064002D9758 /* ProtocolReWrite Tests */ = {
			isa = PBXGroup;
			children = (
				E9E9A1191937A064002D9758 /* ProtocolReWrite_Tests.m */,
				E9E9A1141937A064002D9758 /* Supporting Files */,
			);
			path = "ProtocolReWrite Tests";
			sourceTree = "<group>";
		};
		E9E9A1141937A064002D9758 /* Supporting Files */ = {
			isa = PBXGroup;
			children = (
				E9E9A1151937A064002D9758 /* ProtocolReWrite Tests-Info.plist */,
				E9E9A1161937A064002D9758 /* InfoPlist.strings */,
				E9E9A11B1937A064002D9758 /* ProtocolReWrite Tests-Prefix.pch */,
			);
			name = "Supporting Files";
			sourceTree = "<group>";
		};
/* End PBXGroup section */

/* Begin PBXNativeTarget section */
		E9E9A0C11935FE6C002D9758 /* ProtocolReWrite */ = {
			isa = PBXNativeTarget;
			buildConfigurationList = E9E9A0E51935FE6C002D9758 /* Build configuration list for PBXNativeTarget "ProtocolReWrite" */;
			buildPhases = (
				E9E9A0BE1935FE6C002D9758 /* Sources */,
				E9E9A0BF1935FE6C002D9758 /* Frameworks */,
				E9E9A0C01935FE6C002D9758 /* CopyFiles */,
			);
			buildRules = (
			);
			dependencies = (
			);
			name = ProtocolReWrite;
			productName = ProtocolReWrite;
			productReference = E9E9A0C21935FE6C002D9758 /* libProtocolReWrite.a */;
			productType = "com.apple.product-type.library.static";
		};
		E9E9A10E1937A064002D9758 /* ProtocolReWrite Tests */ = {
			isa = PBXNativeTarget;
			buildConfigurationList = E9E9A11E1937A064002D9758 /* Build configuration list for PBXNativeTarget "ProtocolReWrite Tests" */;
			buildPhases = (
				E9E9A10B1937A064002D9758 /* Sources */,
				E9E9A10C1937A064002D9758 /* Frameworks */,
				E9E9A10D1937A064002D9758 /* Resources */,
			);
			buildRules = (
			);
			dependencies = (
				E9E9A11D1937A064002D9758 /* PBXTargetDependency */,
			);
			name = "ProtocolReWrite Tests";
			productName = "ProtocolReWrite Tests";
			productReference = E9E9A10F1937A064002D9758 /* ProtocolReWrite Tests.xctest */;
			productType = "com.apple.product-type.bundle.unit-test";
		};
/* End PBXNativeTarget section */

/* Begin PBXProject section */
		E9E9A0BA1935FE6C002D9758 /* Project object */ = {
			isa = PBXProject;
			attributes = {
				LastUpgradeCheck = 0510;
				ORGANIZATIONNAME = AppLink;
				TargetAttributes = {
					E9E9A10E1937A064002D9758 = {
						TestTargetID = E9E9A0C11935FE6C002D9758;
					};
				};
			};
			buildConfigurationList = E9E9A0BD1935FE6C002D9758 /* Build configuration list for PBXProject "ProtocolReWrite" */;
			compatibilityVersion = "Xcode 3.2";
			developmentRegion = English;
			hasScannedForEncodings = 0;
			knownRegions = (
				en,
			);
			mainGroup = E9E9A0B91935FE6C002D9758;
			productRefGroup = E9E9A0C31935FE6C002D9758 /* Products */;
			projectDirPath = "";
			projectRoot = "";
			targets = (
				E9E9A0C11935FE6C002D9758 /* ProtocolReWrite */,
				E9E9A10E1937A064002D9758 /* ProtocolReWrite Tests */,
			);
		};
/* End PBXProject section */

/* Begin PBXResourcesBuildPhase section */
		E9E9A10D1937A064002D9758 /* Resources */ = {
			isa = PBXResourcesBuildPhase;
			buildActionMask = 2147483647;
			files = (
				E9E9A1181937A064002D9758 /* InfoPlist.strings in Resources */,
			);
			runOnlyForDeploymentPostprocessing = 0;
		};
/* End PBXResourcesBuildPhase section */

/* Begin PBXSourcesBuildPhase section */
		E9E9A0BE1935FE6C002D9758 /* Sources */ = {
			isa = PBXSourcesBuildPhase;
			buildActionMask = 2147483647;
			files = (
				E92002191940BD8B00FCA808 /* FMCAppLinkProtocolHeader.m in Sources */,
				E92002111940A84200FCA808 /* FMCAppLinkProtocol.m in Sources */,
				E9E9A0FD1935FE98002D9758 /* FMCRPCPayloadMessage.m in Sources */,
				E920021C1940C51F00FCA808 /* FMCAppLinkV2ProtocolHeader.m in Sources */,
				E9E9A0FB1935FE98002D9758 /* FMCAbstractProtocol.m in Sources */,
				E95E53691949D82400874007 /* FMCAppLinkProtocolMessageAssembler.m in Sources */,
				E95E53661949CF3000874007 /* FMCApplinkProtocolRecievedMessageRouter.m in Sources */,
				E90EADA919473C8600D51239 /* FMCAppLinkV1ProtocolHeader.m in Sources */,
				E92002251940EDB600FCA808 /* FMCAppLinkProtocolMessage.m in Sources */,
				E93759D81947F75E00898BDC /* FMCAppLinkProtocolMessageDisassembler.m in Sources */,
			);
			runOnlyForDeploymentPostprocessing = 0;
		};
		E9E9A10B1937A064002D9758 /* Sources */ = {
			isa = PBXSourcesBuildPhase;
			buildActionMask = 2147483647;
			files = (
				E9E9A11A1937A064002D9758 /* ProtocolReWrite_Tests.m in Sources */,
			);
			runOnlyForDeploymentPostprocessing = 0;
		};
/* End PBXSourcesBuildPhase section */

/* Begin PBXTargetDependency section */
		E9E9A11D1937A064002D9758 /* PBXTargetDependency */ = {
			isa = PBXTargetDependency;
			target = E9E9A0C11935FE6C002D9758 /* ProtocolReWrite */;
			targetProxy = E9E9A11C1937A064002D9758 /* PBXContainerItemProxy */;
		};
/* End PBXTargetDependency section */

/* Begin PBXVariantGroup section */
		E9E9A1161937A064002D9758 /* InfoPlist.strings */ = {
			isa = PBXVariantGroup;
			children = (
				E9E9A1171937A064002D9758 /* en */,
			);
			name = InfoPlist.strings;
			sourceTree = "<group>";
		};
/* End PBXVariantGroup section */

/* Begin XCBuildConfiguration section */
		E9E9A0E31935FE6C002D9758 /* Debug */ = {
			isa = XCBuildConfiguration;
			buildSettings = {
				ALWAYS_SEARCH_USER_PATHS = NO;
				CLANG_CXX_LANGUAGE_STANDARD = "gnu++0x";
				CLANG_CXX_LIBRARY = "libc++";
				CLANG_ENABLE_MODULES = YES;
				CLANG_ENABLE_OBJC_ARC = YES;
				CLANG_WARN_BOOL_CONVERSION = YES;
				CLANG_WARN_CONSTANT_CONVERSION = YES;
				CLANG_WARN_DIRECT_OBJC_ISA_USAGE = YES_ERROR;
				CLANG_WARN_EMPTY_BODY = YES;
				CLANG_WARN_ENUM_CONVERSION = YES;
				CLANG_WARN_INT_CONVERSION = YES;
				CLANG_WARN_OBJC_ROOT_CLASS = YES_ERROR;
				CLANG_WARN__DUPLICATE_METHOD_MATCH = YES;
				COPY_PHASE_STRIP = NO;
				GCC_C_LANGUAGE_STANDARD = gnu99;
				GCC_DYNAMIC_NO_PIC = NO;
				GCC_OPTIMIZATION_LEVEL = 0;
				GCC_PREPROCESSOR_DEFINITIONS = (
					"DEBUG=1",
					"$(inherited)",
				);
				GCC_SYMBOLS_PRIVATE_EXTERN = NO;
				GCC_WARN_64_TO_32_BIT_CONVERSION = YES;
				GCC_WARN_ABOUT_RETURN_TYPE = YES_ERROR;
				GCC_WARN_UNDECLARED_SELECTOR = YES;
				GCC_WARN_UNINITIALIZED_AUTOS = YES_AGGRESSIVE;
				GCC_WARN_UNUSED_FUNCTION = YES;
				GCC_WARN_UNUSED_VARIABLE = YES;
				IPHONEOS_DEPLOYMENT_TARGET = 7.1;
				ONLY_ACTIVE_ARCH = YES;
				SDKROOT = iphoneos;
				VALID_ARCHS = "arm64 armv7 armv7s";
			};
			name = Debug;
		};
		E9E9A0E41935FE6C002D9758 /* Release */ = {
			isa = XCBuildConfiguration;
			buildSettings = {
				ALWAYS_SEARCH_USER_PATHS = NO;
				CLANG_CXX_LANGUAGE_STANDARD = "gnu++0x";
				CLANG_CXX_LIBRARY = "libc++";
				CLANG_ENABLE_MODULES = YES;
				CLANG_ENABLE_OBJC_ARC = YES;
				CLANG_WARN_BOOL_CONVERSION = YES;
				CLANG_WARN_CONSTANT_CONVERSION = YES;
				CLANG_WARN_DIRECT_OBJC_ISA_USAGE = YES_ERROR;
				CLANG_WARN_EMPTY_BODY = YES;
				CLANG_WARN_ENUM_CONVERSION = YES;
				CLANG_WARN_INT_CONVERSION = YES;
				CLANG_WARN_OBJC_ROOT_CLASS = YES_ERROR;
				CLANG_WARN__DUPLICATE_METHOD_MATCH = YES;
				COPY_PHASE_STRIP = YES;
				ENABLE_NS_ASSERTIONS = NO;
				GCC_C_LANGUAGE_STANDARD = gnu99;
				GCC_WARN_64_TO_32_BIT_CONVERSION = YES;
				GCC_WARN_ABOUT_RETURN_TYPE = YES_ERROR;
				GCC_WARN_UNDECLARED_SELECTOR = YES;
				GCC_WARN_UNINITIALIZED_AUTOS = YES_AGGRESSIVE;
				GCC_WARN_UNUSED_FUNCTION = YES;
				GCC_WARN_UNUSED_VARIABLE = YES;
				IPHONEOS_DEPLOYMENT_TARGET = 7.1;
				SDKROOT = iphoneos;
				VALIDATE_PRODUCT = YES;
				VALID_ARCHS = "arm64 armv7 armv7s";
			};
			name = Release;
		};
		E9E9A0E61935FE6C002D9758 /* Debug */ = {
			isa = XCBuildConfiguration;
			buildSettings = {
				DSTROOT = /tmp/ProtocolReWrite.dst;
				GCC_PRECOMPILE_PREFIX_HEADER = YES;
				GCC_PREFIX_HEADER = "ProtocolReWrite/ProtocolReWrite-Prefix.pch";
				OTHER_LDFLAGS = "-ObjC";
				PRODUCT_NAME = "$(TARGET_NAME)";
				SKIP_INSTALL = YES;
			};
			name = Debug;
		};
		E9E9A0E71935FE6C002D9758 /* Release */ = {
			isa = XCBuildConfiguration;
			buildSettings = {
				DSTROOT = /tmp/ProtocolReWrite.dst;
				GCC_PRECOMPILE_PREFIX_HEADER = YES;
				GCC_PREFIX_HEADER = "ProtocolReWrite/ProtocolReWrite-Prefix.pch";
				OTHER_LDFLAGS = "-ObjC";
				PRODUCT_NAME = "$(TARGET_NAME)";
				SKIP_INSTALL = YES;
			};
			name = Release;
		};
		E9E9A11F1937A064002D9758 /* Debug */ = {
			isa = XCBuildConfiguration;
			buildSettings = {
				FRAMEWORK_SEARCH_PATHS = (
					"$(SDKROOT)/Developer/Library/Frameworks",
					"$(inherited)",
					"$(DEVELOPER_FRAMEWORKS_DIR)",
				);
				GCC_PRECOMPILE_PREFIX_HEADER = YES;
				GCC_PREFIX_HEADER = "ProtocolReWrite Tests/ProtocolReWrite Tests-Prefix.pch";
				GCC_PREPROCESSOR_DEFINITIONS = (
					"DEBUG=1",
					"$(inherited)",
				);
				INFOPLIST_FILE = "ProtocolReWrite Tests/ProtocolReWrite Tests-Info.plist";
				PRODUCT_NAME = "$(TARGET_NAME)";
				WRAPPER_EXTENSION = xctest;
			};
			name = Debug;
		};
		E9E9A1201937A064002D9758 /* Release */ = {
			isa = XCBuildConfiguration;
			buildSettings = {
				FRAMEWORK_SEARCH_PATHS = (
					"$(SDKROOT)/Developer/Library/Frameworks",
					"$(inherited)",
					"$(DEVELOPER_FRAMEWORKS_DIR)",
				);
				GCC_PRECOMPILE_PREFIX_HEADER = YES;
				GCC_PREFIX_HEADER = "ProtocolReWrite Tests/ProtocolReWrite Tests-Prefix.pch";
				INFOPLIST_FILE = "ProtocolReWrite Tests/ProtocolReWrite Tests-Info.plist";
				PRODUCT_NAME = "$(TARGET_NAME)";
				WRAPPER_EXTENSION = xctest;
			};
			name = Release;
		};
/* End XCBuildConfiguration section */

/* Begin XCConfigurationList section */
		E9E9A0BD1935FE6C002D9758 /* Build configuration list for PBXProject "ProtocolReWrite" */ = {
			isa = XCConfigurationList;
			buildConfigurations = (
				E9E9A0E31935FE6C002D9758 /* Debug */,
				E9E9A0E41935FE6C002D9758 /* Release */,
			);
			defaultConfigurationIsVisible = 0;
			defaultConfigurationName = Release;
		};
		E9E9A0E51935FE6C002D9758 /* Build configuration list for PBXNativeTarget "ProtocolReWrite" */ = {
			isa = XCConfigurationList;
			buildConfigurations = (
				E9E9A0E61935FE6C002D9758 /* Debug */,
				E9E9A0E71935FE6C002D9758 /* Release */,
			);
			defaultConfigurationIsVisible = 0;
			defaultConfigurationName = Release;
		};
		E9E9A11E1937A064002D9758 /* Build configuration list for PBXNativeTarget "ProtocolReWrite Tests" */ = {
			isa = XCConfigurationList;
			buildConfigurations = (
				E9E9A11F1937A064002D9758 /* Debug */,
				E9E9A1201937A064002D9758 /* Release */,
			);
			defaultConfigurationIsVisible = 0;
			defaultConfigurationName = Release;
		};
/* End XCConfigurationList section */
	};
	rootObject = E9E9A0BA1935FE6C002D9758 /* Project object */;
}
